# This file was autogenerated by Stack.
# You should not edit this file by hand.
# For more information, please see the documentation at:
#   https://docs.haskellstack.org/en/stable/lock_files

packages:
- completed:
    hackage: snap-core-1.0.5.0@sha256:2b7976ee803c2e0d8d87b2d88b2d4a4d62b062ab2a5dd5c78b78130a2fbd260b,10019
    pantry-tree:
      sha256: 4f018a641e60db5f446d66789f7f5cd47025978271d4e35c265538dc9e4d818d
      size: 3377
  original:
    hackage: snap-core-1.0.5.0
- completed:
    hackage: snap-server-1.1.2.0@sha256:82868c7c34a601d323cd281d7ddf9b6831f2b27cb15870970c0a5a79fcb0fa37,15200
    pantry-tree:
      sha256: 552da1018a89fce01e9e71576b4eaa4b44b0536270e55717a353313b661fce4e
      size: 3313
  original:
    hackage: snap-server-1.1.2.0
- completed:
    hackage: unix-compat-0.6@sha256:0f5d0929d838077909d397c7c83b711b89db4ed3d4dafea46af19c04b389b53c,3583
    pantry-tree:
      sha256: bc337eeab490975780209a027265e4d0ca3babc708229dd119c91707f50fd1f3
      size: 1267
  original:
    hackage: unix-compat-0.6@sha256:0f5d0929d838077909d397c7c83b711b89db4ed3d4dafea46af19c04b389b53c
snapshots:
- completed:
    sha256: 60e54c1ba3c1e7163acf6dafa9d56b2d3b23f88a31ad53a1c9d888f32561f8da
    size: 639819
    url: https://raw.githubusercontent.com/commercialhaskell/stackage-snapshots/master/lts/21/14.yaml
  original:
    url: https://raw.githubusercontent.com/commercialhaskell/stackage-snapshots/master/lts/21/14.yaml
